
Microsoft Visual Studio Solution File, Format Version 12.00
# Visual Studio Version 16
VisualStudioVersion = 16.0.31729.503
MinimumVisualStudioVersion = 10.0.40219.1
Project("{8BC9CEB8-8B4A-11D0-8D11-00A0C91BC942}") = "SummerTimer", "SummerTimer\SummerTimer.vcxproj", "{02F73A36-0C64-4EE3-BABE-A94856C5E7EE}"
EndProject
Global
	GlobalSection(SolutionConfigurationPlatforms) = preSolution
		Debug|x64 = Debug|x64
		Debug|x86 = Debug|x86
		Release|x64 = Release|x64
		Release|x86 = Release|x86
	EndGlobalSection
	GlobalSection(ProjectConfigurationPlatforms) = postSolution
		{02F73A36-0C64-4EE3-BABE-A94856C5E7EE}.Debug|x64.ActiveCfg = Debug|x64
		{02F73A36-0C64-4EE3-BABE-A94856C5E7EE}.Debug|x64.Build.0 = Debug|x64
		{02F73A36-0C64-4EE3-BABE-A94856C5E7EE}.Debug|x86.ActiveCfg = Debug|Win32
		{02F73A36-0C64-4EE3-BABE-A94856C5E7EE}.Debug|x86.Build.0 = Debug|Win32
		{02F73A36-0C64-4EE3-BABE-A94856C5E7EE}.Release|x64.ActiveCfg = Release|x64
		{02F73A36-0C64-4EE3-BABE-A94856C5E7EE}.Release|x64.Build.0 = Release|x64
		{02F73A36-0C64-4EE3-BABE-A94856C5E7EE}.Release|x86.ActiveCfg = Release|Win32
		{02F73A36-0C64-4EE3-BABE-A94856C5E7EE}.Release|x86.Build.0 = Release|Win32
	EndGlobalSection
	GlobalSection(SolutionProperties) = preSolution
		HideSolutionNode = FALSE
	EndGlobalSection
	GlobalSection(ExtensibilityGlobals) = postSolution
		SolutionGuid = {D8DCFE90-FC0A-46D5-BB43-CCD25E32884B}
	EndGlobalSection
EndGlobal
